
Microsoft Visual Studio Solution File, Format Version 12.00
# Visual Studio Version 16
VisualStudioVersion = 16.0.30225.117
MinimumVisualStudioVersion = 10.0.40219.1
Project("{FAE04EC0-301F-11D3-BF4B-00C04F79EFBC}") = "Number Names", "Number Names\Number Names.csproj", "{0103C458-7046-4E69-8D52-15890CC44D19}"
EndProject
Global
	GlobalSection(SolutionConfigurationPlatforms) = preSolution
		Debug|Any CPU = Debug|Any CPU
		Release|Any CPU = Release|Any CPU
	EndGlobalSection
	GlobalSection(ProjectConfigurationPlatforms) = postSolution
		{0103C458-7046-4E69-8D52-15890CC44D19}.Debug|Any CPU.ActiveCfg = Debug|Any CPU
		{0103C458-7046-4E69-8D52-15890CC44D19}.Debug|Any CPU.Build.0 = Debug|Any CPU
		{0103C458-7046-4E69-8D52-15890CC44D19}.Release|Any CPU.ActiveCfg = Release|Any CPU
		{0103C458-7046-4E69-8D52-15890CC44D19}.Release|Any CPU.Build.0 = Release|Any CPU
	EndGlobalSection
	GlobalSection(SolutionProperties) = preSolution
		HideSolutionNode = FALSE
	EndGlobalSection
	GlobalSection(ExtensibilityGlobals) = postSolution
		SolutionGuid = {1A4F7514-E1DD-45CA-9E2A-D9A7A3DB3A52}
	EndGlobalSection
EndGlobal
